// !$*UTF8*$!
{
	archiveVersion = 1;
	classes = {
	};
	objectVersion = 50;
	objects = {

/* Begin PBXBuildFile section */
		AF2B5BA2244640C1003AE532 /* AppDelegate.swift in Sources */ = {isa = PBXBuildFile; fileRef = AF2B5BA1244640C1003AE532 /* AppDelegate.swift */; };
		AF2B5BA4244640C1003AE532 /* SceneDelegate.swift in Sources */ = {isa = PBXBuildFile; fileRef = AF2B5BA3244640C1003AE532 /* SceneDelegate.swift */; };
		AF2B5BA6244640C1003AE532 /* ViewController.swift in Sources */ = {isa = PBXBuildFile; fileRef = AF2B5BA5244640C1003AE532 /* ViewController.swift */; };
		AF2B5BA9244640C1003AE532 /* Main.storyboard in Resources */ = {isa = PBXBuildFile; fileRef = AF2B5BA7244640C1003AE532 /* Main.storyboard */; };
		AF2B5BAB244640C2003AE532 /* Assets.xcassets in Resources */ = {isa = PBXBuildFile; fileRef = AF2B5BAA244640C2003AE532 /* Assets.xcassets */; };
		AF2B5BAE244640C2003AE532 /* LaunchScreen.storyboard in Resources */ = {isa = PBXBuildFile; fileRef = AF2B5BAC244640C2003AE532 /* LaunchScreen.storyboard */; };
		AF2B5BB6244643F2003AE532 /* Resturant.swift in Sources */ = {isa = PBXBuildFile; fileRef = AF2B5BB5244643F2003AE532 /* Resturant.swift */; };
/* End PBXBuildFile section */

/* Begin PBXFileReference section */
		AF2B5B9E244640C1003AE532 /* HackwichTen.app */ = {isa = PBXFileReference; explicitFileType = wrapper.application; includeInIndex = 0; path = HackwichTen.app; sourceTree = BUILT_PRODUCTS_DIR; };
		AF2B5BA1244640C1003AE532 /* AppDelegate.swift */ = {isa = PBXFileReference; lastKnownFileType = sourcecode.swift; path = AppDelegate.swift; sourceTree = "<group>"; };
		AF2B5BA3244640C1003AE532 /* SceneDelegate.swift */ = {isa = PBXFileReference; lastKnownFileType = sourcecode.swift; path = SceneDelegate.swift; sourceTree = "<group>"; };
		AF2B5BA5244640C1003AE532 /* ViewController.swift */ = {isa = PBXFileReference; lastKnownFileType = sourcecode.swift; path = ViewController.swift; sourceTree = "<group>"; };
		AF2B5BA8244640C1003AE532 /* Base */ = {isa = PBXFileReference; lastKnownFileType = file.storyboard; name = Base; path = Base.lproj/Main.storyboard; sourceTree = "<group>"; };
		AF2B5BAA244640C2003AE532 /* Assets.xcassets */ = {isa = PBXFileReference; lastKnownFileType = folder.assetcatalog; path = Assets.xcassets; sourceTree = "<group>"; };
		AF2B5BAD244640C2003AE532 /* Base */ = {isa = PBXFileReference; lastKnownFileType = file.storyboard; name = Base; path = Base.lproj/LaunchScreen.storyboard; sourceTree = "<group>"; };
		AF2B5BAF244640C2003AE532 /* Info.plist */ = {isa = PBXFileReference; lastKnownFileType = text.plist.xml; path = Info.plist; sourceTree = "<group>"; };
		AF2B5BB5244643F2003AE532 /* Resturant.swift */ = {isa = PBXFileReference; lastKnownFileType = sourcecode.swift; path = Resturant.swift; sourceTree = "<group>"; };
/* End PBXFileReference section */

/* Begin PBXFrameworksBuildPhase section */
		AF2B5B9B244640C1003AE532 /* Frameworks */ = {
			isa = PBXFrameworksBuildPhase;
			buildActionMask = 2147483647;
			files = (
			);
			runOnlyForDeploymentPostprocessing = 0;
		};
/* End PBXFrameworksBuildPhase section */

/* Begin PBXGroup section */
		AF2B5B95244640C1003AE532 = {
			isa = PBXGroup;
			children = (
				AF2B5BA0244640C1003AE532 /* HackwichTen */,
				AF2B5B9F244640C1003AE532 /* Products */,
			);
			sourceTree = "<group>";
		};
		AF2B5B9F244640C1003AE532 /* Products */ = {
			isa = PBXGroup;
			children = (
				AF2B5B9E244640C1003AE532 /* HackwichTen.app */,
			);
			name = Products;
			sourceTree = "<group>";
		};
		AF2B5BA0244640C1003AE532 /* HackwichTen */ = {
			isa = PBXGroup;
			children = (
				AF2B5BA1244640C1003AE532 /* AppDelegate.swift */,
				AF2B5BA3244640C1003AE532 /* SceneDelegate.swift */,
				AF2B5BA5244640C1003AE532 /* ViewController.swift */,
				AF2B5BB5244643F2003AE532 /* Resturant.swift */,
				AF2B5BA7244640C1003AE532 /* Main.storyboard */,
				AF2B5BAA244640C2003AE532 /* Assets.xcassets */,
				AF2B5BAC244640C2003AE532 /* LaunchScreen.storyboard */,
				AF2B5BAF244640C2003AE532 /* Info.plist */,
			);
			path = HackwichTen;
			sourceTree = "<group>";
		};
/* End PBXGroup section */

/* Begin PBXNativeTarget section */
		AF2B5B9D244640C1003AE532 /* HackwichTen */ = {
			isa = PBXNativeTarget;
			buildConfigurationList = AF2B5BB2244640C2003AE532 /* Build configuration list for PBXNativeTarget "HackwichTen" */;
			buildPhases = (
				AF2B5B9A244640C1003AE532 /* Sources */,
				AF2B5B9B244640C1003AE532 /* Frameworks */,
				AF2B5B9C244640C1003AE532 /* Resources */,
			);
			buildRules = (
			);
			dependencies = (
			);
			name = HackwichTen;
			productName = HackwichTen;
			productReference = AF2B5B9E244640C1003AE532 /* HackwichTen.app */;
			productType = "com.apple.product-type.application";
		};
/* End PBXNativeTarget section */

/* Begin PBXProject section */
		AF2B5B96244640C1003AE532 /* Project object */ = {
			isa = PBXProject;
			attributes = {
				LastSwiftUpdateCheck = 1130;
				LastUpgradeCheck = 1130;
				ORGANIZATIONNAME = "Rhysa Lee";
				TargetAttributes = {
					AF2B5B9D244640C1003AE532 = {
						CreatedOnToolsVersion = 11.3.1;
					};
				};
			};
			buildConfigurationList = AF2B5B99244640C1003AE532 /* Build configuration list for PBXProject "HackwichTen" */;
			compatibilityVersion = "Xcode 9.3";
			developmentRegion = en;
			hasScannedForEncodings = 0;
			knownRegions = (
				en,
				Base,
			);
			mainGroup = AF2B5B95244640C1003AE532;
			productRefGroup = AF2B5B9F244640C1003AE532 /* Products */;
			projectDirPath = "";
			projectRoot = "";
			targets = (
				AF2B5B9D244640C1003AE532 /* HackwichTen */,
			);
		};
/* End PBXProject section */

/* Begin PBXResourcesBuildPhase section */
		AF2B5B9C244640C1003AE532 /* Resources */ = {
			isa = PBXResourcesBuildPhase;
			buildActionMask = 2147483647;
			files = (
				AF2B5BAE244640C2003AE532 /* LaunchScreen.storyboard in Resources */,
				AF2B5BAB244640C2003AE532 /* Assets.xcassets in Resources */,
				AF2B5BA9244640C1003AE532 /* Main.storyboard in Resources */,
			);
			runOnlyForDeploymentPostprocessing = 0;
		};
/* End PBXResourcesBuildPhase section */

/* Begin PBXSourcesBuildPhase section */
		AF2B5B9A244640C1003AE532 /* Sources */ = {
			isa = PBXSourcesBuildPhase;
			buildActionMask = 2147483647;
			files = (
				AF2B5BA6244640C1003AE532 /* ViewController.swift in Sources */,
				AF2B5BA2244640C1003AE532 /* AppDelegate.swift in Sources */,
				AF2B5BB6244643F2003AE532 /* Resturant.swift in Sources */,
				AF2B5BA4244640C1003AE532 /* SceneDelegate.swift in Sources */,
			);
			runOnlyForDeploymentPostprocessing = 0;
		};
/* End PBXSourcesBuildPhase section */

/* Begin PBXVariantGroup section */
		AF2B5BA7244640C1003AE532 /* Main.storyboard */ = {
			isa = PBXVariantGroup;
			children = (
				AF2B5BA8244640C1003AE532 /* Base */,
			);
			name = Main.storyboard;
			sourceTree = "<group>";
		};
		AF2B5BAC244640C2003AE532 /* LaunchScreen.storyboard */ = {
			isa = PBXVariantGroup;
			children = (
				AF2B5BAD244640C2003AE532 /* Base */,
			);
			name = LaunchScreen.storyboard;
			sourceTree = "<group>";
		};
/* End PBXVariantGroup section */

/* Begin XCBuildConfiguration section */
		AF2B5BB0244640C2003AE532 /* Debug */ = {
			isa = XCBuildConfiguration;
			buildSettings = {
				ALWAYS_SEARCH_USER_PATHS = NO;
				CLANG_ANALYZER_NONNULL = YES;
				CLANG_ANALYZER_NUMBER_OBJECT_CONVERSION = YES_AGGRESSIVE;
				CLANG_CXX_LANGUAGE_STANDARD = "gnu++14";
				CLANG_CXX_LIBRARY = "libc++";
				CLANG_ENABLE_MODULES = YES;
				CLANG_ENABLE_OBJC_ARC = YES;
				CLANG_ENABLE_OBJC_WEAK = YES;
				CLANG_WARN_BLOCK_CAPTURE_AUTORELEASING = YES;
				CLANG_WARN_BOOL_CONVERSION = YES;
				CLANG_WARN_COMMA = YES;
				CLANG_WARN_CONSTANT_CONVERSION = YES;
				CLANG_WARN_DEPRECATED_OBJC_IMPLEMENTATIONS = YES;
				CLANG_WARN_DIRECT_OBJC_ISA_USAGE = YES_ERROR;
				CLANG_WARN_DOCUMENTATION_COMMENTS = YES;
				CLANG_WARN_EMPTY_BODY = YES;
				CLANG_WARN_ENUM_CONVERSION = YES;
				CLANG_WARN_INFINITE_RECURSION = YES;
				CLANG_WARN_INT_CONVERSION = YES;
				CLANG_WARN_NON_LITERAL_NULL_CONVERSION = YES;
				CLANG_WARN_OBJC_IMPLICIT_RETAIN_SELF = YES;
				CLANG_WARN_OBJC_LITERAL_CONVERSION = YES;
				CLANG_WARN_OBJC_ROOT_CLASS = YES_ERROR;
				CLANG_WARN_RANGE_LOOP_ANALYSIS = YES;
				CLANG_WARN_STRICT_PROTOTYPES = YES;
				CLANG_WARN_SUSPICIOUS_MOVE = YES;
				CLANG_WARN_UNGUARDED_AVAILABILITY = YES_AGGRESSIVE;
				CLANG_WARN_UNREACHABLE_CODE = YES;
				CLANG_WARN__DUPLICATE_METHOD_MATCH = YES;
				COPY_PHASE_STRIP = NO;
				DEBUG_INFORMATION_FORMAT = dwarf;
				ENABLE_STRICT_OBJC_MSGSEND = YES;
				ENABLE_TESTABILITY = YES;
				GCC_C_LANGUAGE_STANDARD = gnu11;
				GCC_DYNAMIC_NO_PIC = NO;
				GCC_NO_COMMON_BLOCKS = YES;
				GCC_OPTIMIZATION_LEVEL = 0;
				GCC_PREPROCESSOR_DEFINITIONS = (
					"DEBUG=1",
					"$(inherited)",
				);
				GCC_WARN_64_TO_32_BIT_CONVERSION = YES;
				GCC_WARN_ABOUT_RETURN_TYPE = YES_ERROR;
				GCC_WARN_UNDECLARED_SELECTOR = YES;
				GCC_WARN_UNINITIALIZED_AUTOS = YES_AGGRESSIVE;
				GCC_WARN_UNUSED_FUNCTION = YES;
				GCC_WARN_UNUSED_VARIABLE = YES;
				IPHONEOS_DEPLOYMENT_TARGET = 13.2;
				MTL_ENABLE_DEBUG_INFO = INCLUDE_SOURCE;
				MTL_FAST_MATH = YES;
				ONLY_ACTIVE_ARCH = YES;
				SDKROOT = iphoneos;
				SWIFT_ACTIVE_COMPILATION_CONDITIONS = DEBUG;
				SWIFT_OPTIMIZATION_LEVEL = "-Onone";
			};
			name = Debug;
		};
		AF2B5BB1244640C2003AE532 /* Release */ = {
			isa = XCBuildConfiguration;
			buildSettings = {
				ALWAYS_SEARCH_USER_PATHS = NO;
				CLANG_ANALYZER_NONNULL = YES;
				CLANG_ANALYZER_NUMBER_OBJECT_CONVERSION = YES_AGGRESSIVE;
				CLANG_CXX_LANGUAGE_STANDARD = "gnu++14";
				CLANG_CXX_LIBRARY = "libc++";
				CLANG_ENABLE_MODULES = YES;
				CLANG_ENABLE_OBJC_ARC = YES;
				CLANG_ENABLE_OBJC_WEAK = YES;
				CLANG_WARN_BLOCK_CAPTURE_AUTORELEASING = YES;
				CLANG_WARN_BOOL_CONVERSION = YES;
				CLANG_WARN_COMMA = YES;
				CLANG_WARN_CONSTANT_CONVERSION = YES;
				CLANG_WARN_DEPRECATED_OBJC_IMPLEMENTATIONS = YES;
				CLANG_WARN_DIRECT_OBJC_ISA_USAGE = YES_ERROR;
				CLANG_WARN_DOCUMENTATION_COMMENTS = YES;
				CLANG_WARN_EMPTY_BODY = YES;
				CLANG_WARN_ENUM_CONVERSION = YES;
				CLANG_WARN_INFINITE_RECURSION = YES;
				CLANG_WARN_INT_CONVERSION = YES;
				CLANG_WARN_NON_LITERAL_NULL_CONVERSION = YES;
				CLANG_WARN_OBJC_IMPLICIT_RETAIN_SELF = YES;
				CLANG_WARN_OBJC_LITERAL_CONVERSION = YES;
				CLANG_WARN_OBJC_ROOT_CLASS = YES_ERROR;
				CLANG_WARN_RANGE_LOOP_ANALYSIS = YES;
				CLANG_WARN_STRICT_PROTOTYPES = YES;
				CLANG_WARN_SUSPICIOUS_MOVE = YES;
				CLANG_WARN_UNGUARDED_AVAILABILITY = YES_AGGRESSIVE;
				CLANG_WARN_UNREACHABLE_CODE = YES;
				CLANG_WARN__DUPLICATE_METHOD_MATCH = YES;
				COPY_PHASE_STRIP = NO;
				DEBUG_INFORMATION_FORMAT = "dwarf-with-dsym";
				ENABLE_NS_ASSERTIONS = NO;
				ENABLE_STRICT_OBJC_MSGSEND = YES;
				GCC_C_LANGUAGE_STANDARD = gnu11;
				GCC_NO_COMMON_BLOCKS = YES;
				GCC_WARN_64_TO_32_BIT_CONVERSION = YES;
				GCC_WARN_ABOUT_RETURN_TYPE = YES_ERROR;
				GCC_WARN_UNDECLARED_SELECTOR = YES;
				GCC_WARN_UNINITIALIZED_AUTOS = YES_AGGRESSIVE;
				GCC_WARN_UNUSED_FUNCTION = YES;
				GCC_WARN_UNUSED_VARIABLE = YES;
				IPHONEOS_DEPLOYMENT_TARGET = 13.2;
				MTL_ENABLE_DEBUG_INFO = NO;
				MTL_FAST_MATH = YES;
				SDKROOT = iphoneos;
				SWIFT_COMPILATION_MODE = wholemodule;
				SWIFT_OPTIMIZATION_LEVEL = "-O";
				VALIDATE_PRODUCT = YES;
			};
			name = Release;
		};
		AF2B5BB3244640C2003AE532 /* Debug */ = {
			isa = XCBuildConfiguration;
			buildSettings = {
				ASSETCATALOG_COMPILER_APPICON_NAME = AppIcon;
				CODE_SIGN_STYLE = Automatic;
				DEVELOPMENT_TEAM = 3C6KH7LGZ9;
				INFOPLIST_FILE = HackwichTen/Info.plist;
				LD_RUNPATH_SEARCH_PATHS = (
					"$(inherited)",
					"@executable_path/Frameworks",
				);
				PRODUCT_BUNDLE_IDENTIFIER = uhwo.HackwichTen;
				PRODUCT_NAME = "$(TARGET_NAME)";
				SWIFT_VERSION = 5.0;
				TARGETED_DEVICE_FAMILY = "1,2";
			};
			name = Debug;
		};
		AF2B5BB4244640C2003AE532 /* Release */ = {
			isa = XCBuildConfiguration;
			buildSettings = {
				ASSETCATALOG_COMPILER_APPICON_NAME = AppIcon;
				CODE_SIGN_STYLE = Automatic;
				DEVELOPMENT_TEAM = 3C6KH7LGZ9;
				INFOPLIST_FILE = HackwichTen/Info.plist;
				LD_RUNPATH_SEARCH_PATHS = (
					"$(inherited)",
					"@executable_path/Frameworks",
				);
				PRODUCT_BUNDLE_IDENTIFIER = uhwo.HackwichTen;
				PRODUCT_NAME = "$(TARGET_NAME)";
				SWIFT_VERSION = 5.0;
				TARGETED_DEVICE_FAMILY = "1,2";
			};
			name = Release;
		};
/* End XCBuildConfiguration section */

/* Begin XCConfigurationList section */
		AF2B5B99244640C1003AE532 /* Build configuration list for PBXProject "HackwichTen" */ = {
			isa = XCConfigurationList;
			buildConfigurations = (
				AF2B5BB0244640C2003AE532 /* Debug */,
				AF2B5BB1244640C2003AE532 /* Release */,
			);
			defaultConfigurationIsVisible = 0;
			defaultConfigurationName = Release;
		};
		AF2B5BB2244640C2003AE532 /* Build configuration list for PBXNativeTarget "HackwichTen" */ = {
			isa = XCConfigurationList;
			buildConfigurations = (
				AF2B5BB3244640C2003AE532 /* Debug */,
				AF2B5BB4244640C2003AE532 /* Release */,
			);
			defaultConfigurationIsVisible = 0;
			defaultConfigurationName = Release;
		};
/* End XCConfigurationList section */
	};
	rootObject = AF2B5B96244640C1003AE532 /* Project object */;
}
